
Microsoft Visual Studio Solution File, Format Version 12.00
# Visual Studio Version 16
VisualStudioVersion = 16.0.29709.97
MinimumVisualStudioVersion = 10.0.40219.1
Project("{9A19103F-16F7-4668-BE54-9A1E7A4F7556}") = "SmiteNoobLeague", "SmiteNoobLeague.csproj", "{8C5CE16D-C97B-4A7B-B2C6-CA3702280051}"
EndProject
Project("{9A19103F-16F7-4668-BE54-9A1E7A4F7556}") = "SNL_PersistenceLayer", "..\SNL_DataAccessLayer\SNL_PersistenceLayer.csproj", "{F73E0EF4-26E2-4293-A4C2-6A7FF264910B}"
EndProject
Project("{9A19103F-16F7-4668-BE54-9A1E7A4F7556}") = "SNL_LogicLayer", "..\SNL_LogicLayer\SNL_LogicLayer.csproj", "{A50AE721-6A23-44CC-9737-00F0D946427F}"
EndProject
Project("{FAE04EC0-301F-11D3-BF4B-00C04F79EFBC}") = "SNL_InterfaceLayer", "..\SNL_InterfaceLayer\SNL_InterfaceLayer.csproj", "{138148BC-52C1-406F-B582-A6AF514A06AD}"
EndProject
Global
	GlobalSection(SolutionConfigurationPlatforms) = preSolution
		Debug|Any CPU = Debug|Any CPU
		Release|Any CPU = Release|Any CPU
	EndGlobalSection
	GlobalSection(ProjectConfigurationPlatforms) = postSolution
		{8C5CE16D-C97B-4A7B-B2C6-CA3702280051}.Debug|Any CPU.ActiveCfg = Debug|Any CPU
		{8C5CE16D-C97B-4A7B-B2C6-CA3702280051}.Debug|Any CPU.Build.0 = Debug|Any CPU
		{8C5CE16D-C97B-4A7B-B2C6-CA3702280051}.Release|Any CPU.ActiveCfg = Release|Any CPU
		{8C5CE16D-C97B-4A7B-B2C6-CA3702280051}.Release|Any CPU.Build.0 = Release|Any CPU
		{F73E0EF4-26E2-4293-A4C2-6A7FF264910B}.Debug|Any CPU.ActiveCfg = Debug|Any CPU
		{F73E0EF4-26E2-4293-A4C2-6A7FF264910B}.Debug|Any CPU.Build.0 = Debug|Any CPU
		{F73E0EF4-26E2-4293-A4C2-6A7FF264910B}.Release|Any CPU.ActiveCfg = Release|Any CPU
		{F73E0EF4-26E2-4293-A4C2-6A7FF264910B}.Release|Any CPU.Build.0 = Release|Any CPU
		{A50AE721-6A23-44CC-9737-00F0D946427F}.Debug|Any CPU.ActiveCfg = Debug|Any CPU
		{A50AE721-6A23-44CC-9737-00F0D946427F}.Debug|Any CPU.Build.0 = Debug|Any CPU
		{A50AE721-6A23-44CC-9737-00F0D946427F}.Release|Any CPU.ActiveCfg = Release|Any CPU
		{A50AE721-6A23-44CC-9737-00F0D946427F}.Release|Any CPU.Build.0 = Release|Any CPU
		{138148BC-52C1-406F-B582-A6AF514A06AD}.Debug|Any CPU.ActiveCfg = Debug|Any CPU
		{138148BC-52C1-406F-B582-A6AF514A06AD}.Debug|Any CPU.Build.0 = Debug|Any CPU
		{138148BC-52C1-406F-B582-A6AF514A06AD}.Release|Any CPU.ActiveCfg = Release|Any CPU
		{138148BC-52C1-406F-B582-A6AF514A06AD}.Release|Any CPU.Build.0 = Release|Any CPU
	EndGlobalSection
	GlobalSection(SolutionProperties) = preSolution
		HideSolutionNode = FALSE
	EndGlobalSection
	GlobalSection(ExtensibilityGlobals) = postSolution
		SolutionGuid = {72178184-5FD7-431E-B315-AB00ACD0B675}
	EndGlobalSection
EndGlobal
